// !$*UTF8*$!
{
	archiveVersion = 1;
	classes = {
	};
	objectVersion = 56;
	objects = {

/* Begin PBXBuildFile section */
		4F7E928A2DFF52DF00B7889A /* SplashView.swift in Sources */ = {isa = PBXBuildFile; fileRef = 4F7E92892DFF52DF00B7889A /* SplashView.swift */; };
		4F8BFE502C4966B30056F215 /* Radio_CityApp.swift in Sources */ = {isa = PBXBuildFile; fileRef = 4F8BFE4F2C4966B30056F215 /* Radio_CityApp.swift */; };
		4F8BFE542C4966B50056F215 /* Assets.xcassets in Resources */ = {isa = PBXBuildFile; fileRef = 4F8BFE532C4966B50056F215 /* Assets.xcassets */; };
		4F8BFE572C4966B50056F215 /* Preview Assets.xcassets in Resources */ = {isa = PBXBuildFile; fileRef = 4F8BFE562C4966B50056F215 /* Preview Assets.xcassets */; };
		4F9259BA2E0AE376002140D4 /* SideMenuView.swift in Sources */ = {isa = PBXBuildFile; fileRef = 4F9259B92E0AE376002140D4 /* SideMenuView.swift */; };
		4F9259BC2E0AEE40002140D4 /* MainTabbedView.swift in Sources */ = {isa = PBXBuildFile; fileRef = 4F9259BB2E0AEE40002140D4 /* MainTabbedView.swift */; };
		4F9259BF2E0AEEFF002140D4 /* SideMenu.swift in Sources */ = {isa = PBXBuildFile; fileRef = 4F9259BE2E0AEEFF002140D4 /* SideMenu.swift */; };
		4F9259C12E0AEFFD002140D4 /* FavoriteView.swift in Sources */ = {isa = PBXBuildFile; fileRef = 4F9259C02E0AEFFC002140D4 /* FavoriteView.swift */; };
		4F9259C42E0AF02C002140D4 /* ChatView.swift in Sources */ = {isa = PBXBuildFile; fileRef = 4F9259C32E0AF02C002140D4 /* ChatView.swift */; };
		4F9259C62E0AF040002140D4 /* ProfileView.swift in Sources */ = {isa = PBXBuildFile; fileRef = 4F9259C52E0AF040002140D4 /* ProfileView.swift */; };
		4FECBD5C2DFF3E400046C9E2 /* RadioPlayerView.swift in Sources */ = {isa = PBXBuildFile; fileRef = 4FECBD5B2DFF3E400046C9E2 /* RadioPlayerView.swift */; };
		4FECBD5F2DFF474C0046C9E2 /* ModernSlider in Frameworks */ = {isa = PBXBuildFile; productRef = 4FECBD5E2DFF474C0046C9E2 /* ModernSlider */; };
/* End PBXBuildFile section */

/* Begin PBXFileReference section */
		4F7E92892DFF52DF00B7889A /* SplashView.swift */ = {isa = PBXFileReference; lastKnownFileType = sourcecode.swift; path = SplashView.swift; sourceTree = "<group>"; };
		4F8BFE4C2C4966B30056F215 /* Radio City.app */ = {isa = PBXFileReference; explicitFileType = wrapper.application; includeInIndex = 0; path = "Radio City.app"; sourceTree = BUILT_PRODUCTS_DIR; };
		4F8BFE4F2C4966B30056F215 /* Radio_CityApp.swift */ = {isa = PBXFileReference; lastKnownFileType = sourcecode.swift; path = Radio_CityApp.swift; sourceTree = "<group>"; };
		4F8BFE532C4966B50056F215 /* Assets.xcassets */ = {isa = PBXFileReference; lastKnownFileType = folder.assetcatalog; path = Assets.xcassets; sourceTree = "<group>"; };
		4F8BFE562C4966B50056F215 /* Preview Assets.xcassets */ = {isa = PBXFileReference; lastKnownFileType = folder.assetcatalog; path = "Preview Assets.xcassets"; sourceTree = "<group>"; };
		4F9259B92E0AE376002140D4 /* SideMenuView.swift */ = {isa = PBXFileReference; lastKnownFileType = sourcecode.swift; path = SideMenuView.swift; sourceTree = "<group>"; };
		4F9259BB2E0AEE40002140D4 /* MainTabbedView.swift */ = {isa = PBXFileReference; lastKnownFileType = sourcecode.swift; path = MainTabbedView.swift; sourceTree = "<group>"; };
		4F9259BE2E0AEEFF002140D4 /* SideMenu.swift */ = {isa = PBXFileReference; lastKnownFileType = sourcecode.swift; path = SideMenu.swift; sourceTree = "<group>"; };
		4F9259C02E0AEFFC002140D4 /* FavoriteView.swift */ = {isa = PBXFileReference; lastKnownFileType = sourcecode.swift; path = FavoriteView.swift; sourceTree = "<group>"; };
		4F9259C32E0AF02C002140D4 /* ChatView.swift */ = {isa = PBXFileReference; lastKnownFileType = sourcecode.swift; path = ChatView.swift; sourceTree = "<group>"; };
		4F9259C52E0AF040002140D4 /* ProfileView.swift */ = {isa = PBXFileReference; lastKnownFileType = sourcecode.swift; path = ProfileView.swift; sourceTree = "<group>"; };
		4FECBD5A2DFF3BE00046C9E2 /* Radio-City-Info.plist */ = {isa = PBXFileReference; lastKnownFileType = text.plist; path = "Radio-City-Info.plist"; sourceTree = SOURCE_ROOT; };
		4FECBD5B2DFF3E400046C9E2 /* RadioPlayerView.swift */ = {isa = PBXFileReference; lastKnownFileType = sourcecode.swift; path = RadioPlayerView.swift; sourceTree = "<group>"; };
/* End PBXFileReference section */

/* Begin PBXFrameworksBuildPhase section */
		4F8BFE492C4966B30056F215 /* Frameworks */ = {
			isa = PBXFrameworksBuildPhase;
			buildActionMask = 2147483647;
			files = (
				4FECBD5F2DFF474C0046C9E2 /* ModernSlider in Frameworks */,
			);
			runOnlyForDeploymentPostprocessing = 0;
		};
/* End PBXFrameworksBuildPhase section */

/* Begin PBXGroup section */
		4F8BFE432C4966B30056F215 = {
			isa = PBXGroup;
			children = (
				4F8BFE4E2C4966B30056F215 /* Radio City */,
				4F8BFE4D2C4966B30056F215 /* Products */,
			);
			sourceTree = "<group>";
		};
		4F8BFE4D2C4966B30056F215 /* Products */ = {
			isa = PBXGroup;
			children = (
				4F8BFE4C2C4966B30056F215 /* Radio City.app */,
			);
			name = Products;
			sourceTree = "<group>";
		};
		4F8BFE4E2C4966B30056F215 /* Radio City */ = {
			isa = PBXGroup;
			children = (
				4F9259C22E0AF00B002140D4 /* Views */,
				4F9259BD2E0AEEE5002140D4 /* SideMenu */,
				4F8BFE552C4966B50056F215 /* Preview Content */,
				4FECBD5A2DFF3BE00046C9E2 /* Radio-City-Info.plist */,
				4F8BFE4F2C4966B30056F215 /* Radio_CityApp.swift */,
				4F8BFE532C4966B50056F215 /* Assets.xcassets */,
				4F7E92892DFF52DF00B7889A /* SplashView.swift */,
				4F9259BB2E0AEE40002140D4 /* MainTabbedView.swift */,
			);
			path = "Radio City";
			sourceTree = "<group>";
		};
		4F8BFE552C4966B50056F215 /* Preview Content */ = {
			isa = PBXGroup;
			children = (
				4F8BFE562C4966B50056F215 /* Preview Assets.xcassets */,
			);
			path = "Preview Content";
			sourceTree = "<group>";
		};
		4F9259BD2E0AEEE5002140D4 /* SideMenu */ = {
			isa = PBXGroup;
			children = (
				4F9259B92E0AE376002140D4 /* SideMenuView.swift */,
				4F9259BE2E0AEEFF002140D4 /* SideMenu.swift */,
			);
			path = SideMenu;
			sourceTree = "<group>";
		};
		4F9259C22E0AF00B002140D4 /* Views */ = {
			isa = PBXGroup;
			children = (
				4FECBD5B2DFF3E400046C9E2 /* RadioPlayerView.swift */,
				4F9259C02E0AEFFC002140D4 /* FavoriteView.swift */,
				4F9259C32E0AF02C002140D4 /* ChatView.swift */,
				4F9259C52E0AF040002140D4 /* ProfileView.swift */,
			);
			path = Views;
			sourceTree = "<group>";
		};
/* End PBXGroup section */

/* Begin PBXNativeTarget section */
		4F8BFE4B2C4966B30056F215 /* Radio City */ = {
			isa = PBXNativeTarget;
			buildConfigurationList = 4F8BFE5A2C4966B50056F215 /* Build configuration list for PBXNativeTarget "Radio City" */;
			buildPhases = (
				4F8BFE482C4966B30056F215 /* Sources */,
				4F8BFE492C4966B30056F215 /* Frameworks */,
				4F8BFE4A2C4966B30056F215 /* Resources */,
			);
			buildRules = (
			);
			dependencies = (
			);
			name = "Radio City";
			productName = "Radio City";
			productReference = 4F8BFE4C2C4966B30056F215 /* Radio City.app */;
			productType = "com.apple.product-type.application";
		};
/* End PBXNativeTarget section */

/* Begin PBXProject section */
		4F8BFE442C4966B30056F215 /* Project object */ = {
			isa = PBXProject;
			attributes = {
				BuildIndependentTargetsInParallel = 1;
				LastSwiftUpdateCheck = 1520;
				LastUpgradeCheck = 1520;
				TargetAttributes = {
					4F8BFE4B2C4966B30056F215 = {
						CreatedOnToolsVersion = 15.2;
					};
				};
			};
			buildConfigurationList = 4F8BFE472C4966B30056F215 /* Build configuration list for PBXProject "Radio City" */;
			compatibilityVersion = "Xcode 14.0";
			developmentRegion = en;
			hasScannedForEncodings = 0;
			knownRegions = (
				en,
				Base,
			);
			mainGroup = 4F8BFE432C4966B30056F215;
			packageReferences = (
				4FECBD5D2DFF474C0046C9E2 /* XCRemoteSwiftPackageReference "ModernSlider" */,
			);
			productRefGroup = 4F8BFE4D2C4966B30056F215 /* Products */;
			projectDirPath = "";
			projectRoot = "";
			targets = (
				4F8BFE4B2C4966B30056F215 /* Radio City */,
			);
		};
/* End PBXProject section */

/* Begin PBXResourcesBuildPhase section */
		4F8BFE4A2C4966B30056F215 /* Resources */ = {
			isa = PBXResourcesBuildPhase;
			buildActionMask = 2147483647;
			files = (
				4F8BFE572C4966B50056F215 /* Preview Assets.xcassets in Resources */,
				4F8BFE542C4966B50056F215 /* Assets.xcassets in Resources */,
			);
			runOnlyForDeploymentPostprocessing = 0;
		};
/* End PBXResourcesBuildPhase section */

/* Begin PBXSourcesBuildPhase section */
		4F8BFE482C4966B30056F215 /* Sources */ = {
			isa = PBXSourcesBuildPhase;
			buildActionMask = 2147483647;
			files = (
				4F8BFE502C4966B30056F215 /* Radio_CityApp.swift in Sources */,
				4F9259C62E0AF040002140D4 /* ProfileView.swift in Sources */,
				4F9259BC2E0AEE40002140D4 /* MainTabbedView.swift in Sources */,
				4F9259C12E0AEFFD002140D4 /* FavoriteView.swift in Sources */,
				4FECBD5C2DFF3E400046C9E2 /* RadioPlayerView.swift in Sources */,
				4F9259C42E0AF02C002140D4 /* ChatView.swift in Sources */,
				4F9259BF2E0AEEFF002140D4 /* SideMenu.swift in Sources */,
				4F9259BA2E0AE376002140D4 /* SideMenuView.swift in Sources */,
				4F7E928A2DFF52DF00B7889A /* SplashView.swift in Sources */,
			);
			runOnlyForDeploymentPostprocessing = 0;
		};
/* End PBXSourcesBuildPhase section */

/* Begin XCBuildConfiguration section */
		4F8BFE582C4966B50056F215 /* Debug */ = {
			isa = XCBuildConfiguration;
			buildSettings = {
				ALWAYS_SEARCH_USER_PATHS = NO;
				ASSETCATALOG_COMPILER_GENERATE_SWIFT_ASSET_SYMBOL_EXTENSIONS = YES;
				CLANG_ANALYZER_NONNULL = YES;
				CLANG_ANALYZER_NUMBER_OBJECT_CONVERSION = YES_AGGRESSIVE;
				CLANG_CXX_LANGUAGE_STANDARD = "gnu++20";
				CLANG_ENABLE_MODULES = YES;
				CLANG_ENABLE_OBJC_ARC = YES;
				CLANG_ENABLE_OBJC_WEAK = YES;
				CLANG_WARN_BLOCK_CAPTURE_AUTORELEASING = YES;
				CLANG_WARN_BOOL_CONVERSION = YES;
				CLANG_WARN_COMMA = YES;
				CLANG_WARN_CONSTANT_CONVERSION = YES;
				CLANG_WARN_DEPRECATED_OBJC_IMPLEMENTATIONS = YES;
				CLANG_WARN_DIRECT_OBJC_ISA_USAGE = YES_ERROR;
				CLANG_WARN_DOCUMENTATION_COMMENTS = YES;
				CLANG_WARN_EMPTY_BODY = YES;
				CLANG_WARN_ENUM_CONVERSION = YES;
				CLANG_WARN_INFINITE_RECURSION = YES;
				CLANG_WARN_INT_CONVERSION = YES;
				CLANG_WARN_NON_LITERAL_NULL_CONVERSION = YES;
				CLANG_WARN_OBJC_IMPLICIT_RETAIN_SELF = YES;
				CLANG_WARN_OBJC_LITERAL_CONVERSION = YES;
				CLANG_WARN_OBJC_ROOT_CLASS = YES_ERROR;
				CLANG_WARN_QUOTED_INCLUDE_IN_FRAMEWORK_HEADER = YES;
				CLANG_WARN_RANGE_LOOP_ANALYSIS = YES;
				CLANG_WARN_STRICT_PROTOTYPES = YES;
				CLANG_WARN_SUSPICIOUS_MOVE = YES;
				CLANG_WARN_UNGUARDED_AVAILABILITY = YES_AGGRESSIVE;
				CLANG_WARN_UNREACHABLE_CODE = YES;
				CLANG_WARN__DUPLICATE_METHOD_MATCH = YES;
				COPY_PHASE_STRIP = NO;
				DEBUG_INFORMATION_FORMAT = dwarf;
				ENABLE_STRICT_OBJC_MSGSEND = YES;
				ENABLE_TESTABILITY = YES;
				ENABLE_USER_SCRIPT_SANDBOXING = YES;
				GCC_C_LANGUAGE_STANDARD = gnu17;
				GCC_DYNAMIC_NO_PIC = NO;
				GCC_NO_COMMON_BLOCKS = YES;
				GCC_OPTIMIZATION_LEVEL = 0;
				GCC_PREPROCESSOR_DEFINITIONS = (
					"DEBUG=1",
					"$(inherited)",
				);
				GCC_WARN_64_TO_32_BIT_CONVERSION = YES;
				GCC_WARN_ABOUT_RETURN_TYPE = YES_ERROR;
				GCC_WARN_UNDECLARED_SELECTOR = YES;
				GCC_WARN_UNINITIALIZED_AUTOS = YES_AGGRESSIVE;
				GCC_WARN_UNUSED_FUNCTION = YES;
				GCC_WARN_UNUSED_VARIABLE = YES;
				IPHONEOS_DEPLOYMENT_TARGET = 17.2;
				LOCALIZATION_PREFERS_STRING_CATALOGS = YES;
				MTL_ENABLE_DEBUG_INFO = INCLUDE_SOURCE;
				MTL_FAST_MATH = YES;
				ONLY_ACTIVE_ARCH = YES;
				SDKROOT = iphoneos;
				SWIFT_ACTIVE_COMPILATION_CONDITIONS = "DEBUG $(inherited)";
				SWIFT_OPTIMIZATION_LEVEL = "-Onone";
			};
			name = Debug;
		};
		4F8BFE592C4966B50056F215 /* Release */ = {
			isa = XCBuildConfiguration;
			buildSettings = {
				ALWAYS_SEARCH_USER_PATHS = NO;
				ASSETCATALOG_COMPILER_GENERATE_SWIFT_ASSET_SYMBOL_EXTENSIONS = YES;
				CLANG_ANALYZER_NONNULL = YES;
				CLANG_ANALYZER_NUMBER_OBJECT_CONVERSION = YES_AGGRESSIVE;
				CLANG_CXX_LANGUAGE_STANDARD = "gnu++20";
				CLANG_ENABLE_MODULES = YES;
				CLANG_ENABLE_OBJC_ARC = YES;
				CLANG_ENABLE_OBJC_WEAK = YES;
				CLANG_WARN_BLOCK_CAPTURE_AUTORELEASING = YES;
				CLANG_WARN_BOOL_CONVERSION = YES;
				CLANG_WARN_COMMA = YES;
				CLANG_WARN_CONSTANT_CONVERSION = YES;
				CLANG_WARN_DEPRECATED_OBJC_IMPLEMENTATIONS = YES;
				CLANG_WARN_DIRECT_OBJC_ISA_USAGE = YES_ERROR;
				CLANG_WARN_DOCUMENTATION_COMMENTS = YES;
				CLANG_WARN_EMPTY_BODY = YES;
				CLANG_WARN_ENUM_CONVERSION = YES;
				CLANG_WARN_INFINITE_RECURSION = YES;
				CLANG_WARN_INT_CONVERSION = YES;
				CLANG_WARN_NON_LITERAL_NULL_CONVERSION = YES;
				CLANG_WARN_OBJC_IMPLICIT_RETAIN_SELF = YES;
				CLANG_WARN_OBJC_LITERAL_CONVERSION = YES;
				CLANG_WARN_OBJC_ROOT_CLASS = YES_ERROR;
				CLANG_WARN_QUOTED_INCLUDE_IN_FRAMEWORK_HEADER = YES;
				CLANG_WARN_RANGE_LOOP_ANALYSIS = YES;
				CLANG_WARN_STRICT_PROTOTYPES = YES;
				CLANG_WARN_SUSPICIOUS_MOVE = YES;
				CLANG_WARN_UNGUARDED_AVAILABILITY = YES_AGGRESSIVE;
				CLANG_WARN_UNREACHABLE_CODE = YES;
				CLANG_WARN__DUPLICATE_METHOD_MATCH = YES;
				COPY_PHASE_STRIP = NO;
				DEBUG_INFORMATION_FORMAT = "dwarf-with-dsym";
				ENABLE_NS_ASSERTIONS = NO;
				ENABLE_STRICT_OBJC_MSGSEND = YES;
				ENABLE_USER_SCRIPT_SANDBOXING = YES;
				GCC_C_LANGUAGE_STANDARD = gnu17;
				GCC_NO_COMMON_BLOCKS = YES;
				GCC_WARN_64_TO_32_BIT_CONVERSION = YES;
				GCC_WARN_ABOUT_RETURN_TYPE = YES_ERROR;
				GCC_WARN_UNDECLARED_SELECTOR = YES;
				GCC_WARN_UNINITIALIZED_AUTOS = YES_AGGRESSIVE;
				GCC_WARN_UNUSED_FUNCTION = YES;
				GCC_WARN_UNUSED_VARIABLE = YES;
				IPHONEOS_DEPLOYMENT_TARGET = 17.2;
				LOCALIZATION_PREFERS_STRING_CATALOGS = YES;
				MTL_ENABLE_DEBUG_INFO = NO;
				MTL_FAST_MATH = YES;
				SDKROOT = iphoneos;
				SWIFT_COMPILATION_MODE = wholemodule;
				VALIDATE_PRODUCT = YES;
			};
			name = Release;
		};
		4F8BFE5B2C4966B50056F215 /* Debug */ = {
			isa = XCBuildConfiguration;
			buildSettings = {
				ASSETCATALOG_COMPILER_APPICON_NAME = AppIcon;
				ASSETCATALOG_COMPILER_GLOBAL_ACCENT_COLOR_NAME = AccentColor;
				CODE_SIGN_STYLE = Automatic;
				CURRENT_PROJECT_VERSION = 1;
				DEVELOPMENT_ASSET_PATHS = "\"Radio City/Preview Content\"";
				DEVELOPMENT_TEAM = SC4WJC9VWB;
				ENABLE_PREVIEWS = YES;
				GENERATE_INFOPLIST_FILE = YES;
				INFOPLIST_FILE = "Radio-City-Info.plist";
				INFOPLIST_KEY_UIApplicationSceneManifest_Generation = YES;
				INFOPLIST_KEY_UIApplicationSupportsIndirectInputEvents = YES;
				INFOPLIST_KEY_UILaunchScreen_Generation = YES;
				INFOPLIST_KEY_UIStatusBarStyle = "";
				INFOPLIST_KEY_UISupportedInterfaceOrientations = UIInterfaceOrientationPortrait;
				LD_RUNPATH_SEARCH_PATHS = (
					"$(inherited)",
					"@executable_path/Frameworks",
				);
				MARKETING_VERSION = 1.0;
				PRODUCT_BUNDLE_IDENTIFIER = "ios.smart.Radio-City";
				PRODUCT_NAME = "$(TARGET_NAME)";
				SUPPORTED_PLATFORMS = "iphoneos iphonesimulator";
				SUPPORTS_MACCATALYST = NO;
				SUPPORTS_MAC_DESIGNED_FOR_IPHONE_IPAD = NO;
				SUPPORTS_XR_DESIGNED_FOR_IPHONE_IPAD = NO;
				SWIFT_EMIT_LOC_STRINGS = YES;
				SWIFT_VERSION = 5.0;
				TARGETED_DEVICE_FAMILY = 1;
			};
			name = Debug;
		};
		4F8BFE5C2C4966B50056F215 /* Release */ = {
			isa = XCBuildConfiguration;
			buildSettings = {
				ASSETCATALOG_COMPILER_APPICON_NAME = AppIcon;
				ASSETCATALOG_COMPILER_GLOBAL_ACCENT_COLOR_NAME = AccentColor;
				CODE_SIGN_STYLE = Automatic;
				CURRENT_PROJECT_VERSION = 1;
				DEVELOPMENT_ASSET_PATHS = "\"Radio City/Preview Content\"";
				DEVELOPMENT_TEAM = SC4WJC9VWB;
				ENABLE_PREVIEWS = YES;
				GENERATE_INFOPLIST_FILE = YES;
				INFOPLIST_FILE = "Radio-City-Info.plist";
				INFOPLIST_KEY_UIApplicationSceneManifest_Generation = YES;
				INFOPLIST_KEY_UIApplicationSupportsIndirectInputEvents = YES;
				INFOPLIST_KEY_UILaunchScreen_Generation = YES;
				INFOPLIST_KEY_UIStatusBarStyle = "";
				INFOPLIST_KEY_UISupportedInterfaceOrientations = UIInterfaceOrientationPortrait;
				LD_RUNPATH_SEARCH_PATHS = (
					"$(inherited)",
					"@executable_path/Frameworks",
				);
				MARKETING_VERSION = 1.0;
				PRODUCT_BUNDLE_IDENTIFIER = "ios.smart.Radio-City";
				PRODUCT_NAME = "$(TARGET_NAME)";
				SUPPORTED_PLATFORMS = "iphoneos iphonesimulator";
				SUPPORTS_MACCATALYST = NO;
				SUPPORTS_MAC_DESIGNED_FOR_IPHONE_IPAD = NO;
				SUPPORTS_XR_DESIGNED_FOR_IPHONE_IPAD = NO;
				SWIFT_EMIT_LOC_STRINGS = YES;
				SWIFT_VERSION = 5.0;
				TARGETED_DEVICE_FAMILY = 1;
			};
			name = Release;
		};
/* End XCBuildConfiguration section */

/* Begin XCConfigurationList section */
		4F8BFE472C4966B30056F215 /* Build configuration list for PBXProject "Radio City" */ = {
			isa = XCConfigurationList;
			buildConfigurations = (
				4F8BFE582C4966B50056F215 /* Debug */,
				4F8BFE592C4966B50056F215 /* Release */,
			);
			defaultConfigurationIsVisible = 0;
			defaultConfigurationName = Release;
		};
		4F8BFE5A2C4966B50056F215 /* Build configuration list for PBXNativeTarget "Radio City" */ = {
			isa = XCConfigurationList;
			buildConfigurations = (
				4F8BFE5B2C4966B50056F215 /* Debug */,
				4F8BFE5C2C4966B50056F215 /* Release */,
			);
			defaultConfigurationIsVisible = 0;
			defaultConfigurationName = Release;
		};
/* End XCConfigurationList section */

/* Begin XCRemoteSwiftPackageReference section */
		4FECBD5D2DFF474C0046C9E2 /* XCRemoteSwiftPackageReference "ModernSlider" */ = {
			isa = XCRemoteSwiftPackageReference;
			repositoryURL = "https://github.com/arjun-dureja/ModernSlider.git";
			requirement = {
				branch = main;
				kind = branch;
			};
		};
/* End XCRemoteSwiftPackageReference section */

/* Begin XCSwiftPackageProductDependency section */
		4FECBD5E2DFF474C0046C9E2 /* ModernSlider */ = {
			isa = XCSwiftPackageProductDependency;
			package = 4FECBD5D2DFF474C0046C9E2 /* XCRemoteSwiftPackageReference "ModernSlider" */;
			productName = ModernSlider;
		};
/* End XCSwiftPackageProductDependency section */
	};
	rootObject = 4F8BFE442C4966B30056F215 /* Project object */;
}
